
Microsoft Visual Studio Solution File, Format Version 12.00
# Visual Studio 15
VisualStudioVersion = 15.0.28307.705
MinimumVisualStudioVersion = 10.0.40219.1
Project("{8BC9CEB8-8B4A-11D0-8D11-00A0C91BC942}") = "test", "test\test.vcxproj", "{9BA79B6E-280A-4706-8C7A-F2D3EB67E798}"
EndProject
Project("{8BC9CEB8-8B4A-11D0-8D11-00A0C91BC942}") = "exam2", "exam2\exam2.vcxproj", "{1D741FD9-A6FF-44C5-B88C-BDA79D7F9B4C}"
EndProject
Project("{8BC9CEB8-8B4A-11D0-8D11-00A0C91BC942}") = "exam3", "exam3\exam3.vcxproj", "{B0A8FC69-985C-4BEC-9BD2-1509986D1A01}"
EndProject
Global
	GlobalSection(SolutionConfigurationPlatforms) = preSolution
		Debug|x64 = Debug|x64
		Debug|x86 = Debug|x86
		Release|x64 = Release|x64
		Release|x86 = Release|x86
	EndGlobalSection
	GlobalSection(ProjectConfigurationPlatforms) = postSolution
		{9BA79B6E-280A-4706-8C7A-F2D3EB67E798}.Debug|x64.ActiveCfg = Debug|x64
		{9BA79B6E-280A-4706-8C7A-F2D3EB67E798}.Debug|x64.Build.0 = Debug|x64
		{9BA79B6E-280A-4706-8C7A-F2D3EB67E798}.Debug|x86.ActiveCfg = Debug|Win32
		{9BA79B6E-280A-4706-8C7A-F2D3EB67E798}.Debug|x86.Build.0 = Debug|Win32
		{9BA79B6E-280A-4706-8C7A-F2D3EB67E798}.Release|x64.ActiveCfg = Release|x64
		{9BA79B6E-280A-4706-8C7A-F2D3EB67E798}.Release|x64.Build.0 = Release|x64
		{9BA79B6E-280A-4706-8C7A-F2D3EB67E798}.Release|x86.ActiveCfg = Release|Win32
		{9BA79B6E-280A-4706-8C7A-F2D3EB67E798}.Release|x86.Build.0 = Release|Win32
		{1D741FD9-A6FF-44C5-B88C-BDA79D7F9B4C}.Debug|x64.ActiveCfg = Debug|x64
		{1D741FD9-A6FF-44C5-B88C-BDA79D7F9B4C}.Debug|x64.Build.0 = Debug|x64
		{1D741FD9-A6FF-44C5-B88C-BDA79D7F9B4C}.Debug|x86.ActiveCfg = Debug|Win32
		{1D741FD9-A6FF-44C5-B88C-BDA79D7F9B4C}.Debug|x86.Build.0 = Debug|Win32
		{1D741FD9-A6FF-44C5-B88C-BDA79D7F9B4C}.Release|x64.ActiveCfg = Release|x64
		{1D741FD9-A6FF-44C5-B88C-BDA79D7F9B4C}.Release|x64.Build.0 = Release|x64
		{1D741FD9-A6FF-44C5-B88C-BDA79D7F9B4C}.Release|x86.ActiveCfg = Release|Win32
		{1D741FD9-A6FF-44C5-B88C-BDA79D7F9B4C}.Release|x86.Build.0 = Release|Win32
		{B0A8FC69-985C-4BEC-9BD2-1509986D1A01}.Debug|x64.ActiveCfg = Debug|x64
		{B0A8FC69-985C-4BEC-9BD2-1509986D1A01}.Debug|x64.Build.0 = Debug|x64
		{B0A8FC69-985C-4BEC-9BD2-1509986D1A01}.Debug|x86.ActiveCfg = Debug|Win32
		{B0A8FC69-985C-4BEC-9BD2-1509986D1A01}.Debug|x86.Build.0 = Debug|Win32
		{B0A8FC69-985C-4BEC-9BD2-1509986D1A01}.Release|x64.ActiveCfg = Release|x64
		{B0A8FC69-985C-4BEC-9BD2-1509986D1A01}.Release|x64.Build.0 = Release|x64
		{B0A8FC69-985C-4BEC-9BD2-1509986D1A01}.Release|x86.ActiveCfg = Release|Win32
		{B0A8FC69-985C-4BEC-9BD2-1509986D1A01}.Release|x86.Build.0 = Release|Win32
	EndGlobalSection
	GlobalSection(SolutionProperties) = preSolution
		HideSolutionNode = FALSE
	EndGlobalSection
	GlobalSection(ExtensibilityGlobals) = postSolution
		SolutionGuid = {AEB978EA-A084-4E19-94BE-D771B61EE3F1}
	EndGlobalSection
EndGlobal
