
Microsoft Visual Studio Solution File, Format Version 12.00
# Visual Studio Version 16
VisualStudioVersion = 16.0.29025.244
MinimumVisualStudioVersion = 10.0.40219.1
Project("{8BC9CEB8-8B4A-11D0-8D11-00A0C91BC942}") = "mapTool", "mapTool\mapTool.vcxproj", "{ED329F86-0E88-447E-A0E7-9B47EBC39A6B}"
EndProject
Project("{8BC9CEB8-8B4A-11D0-8D11-00A0C91BC942}") = "firstmenu", "firstmenu\firstmenu.vcxproj", "{AAB89171-A466-462A-8169-9792EAE9E14C}"
EndProject
Global
	GlobalSection(SolutionConfigurationPlatforms) = preSolution
		Debug|x64 = Debug|x64
		Debug|x86 = Debug|x86
		Release|x64 = Release|x64
		Release|x86 = Release|x86
	EndGlobalSection
	GlobalSection(ProjectConfigurationPlatforms) = postSolution
		{ED329F86-0E88-447E-A0E7-9B47EBC39A6B}.Debug|x64.ActiveCfg = Debug|x64
		{ED329F86-0E88-447E-A0E7-9B47EBC39A6B}.Debug|x64.Build.0 = Debug|x64
		{ED329F86-0E88-447E-A0E7-9B47EBC39A6B}.Debug|x86.ActiveCfg = Debug|Win32
		{ED329F86-0E88-447E-A0E7-9B47EBC39A6B}.Debug|x86.Build.0 = Debug|Win32
		{ED329F86-0E88-447E-A0E7-9B47EBC39A6B}.Release|x64.ActiveCfg = Release|x64
		{ED329F86-0E88-447E-A0E7-9B47EBC39A6B}.Release|x64.Build.0 = Release|x64
		{ED329F86-0E88-447E-A0E7-9B47EBC39A6B}.Release|x86.ActiveCfg = Release|Win32
		{ED329F86-0E88-447E-A0E7-9B47EBC39A6B}.Release|x86.Build.0 = Release|Win32
		{AAB89171-A466-462A-8169-9792EAE9E14C}.Debug|x64.ActiveCfg = Debug|x64
		{AAB89171-A466-462A-8169-9792EAE9E14C}.Debug|x64.Build.0 = Debug|x64
		{AAB89171-A466-462A-8169-9792EAE9E14C}.Debug|x86.ActiveCfg = Debug|Win32
		{AAB89171-A466-462A-8169-9792EAE9E14C}.Debug|x86.Build.0 = Debug|Win32
		{AAB89171-A466-462A-8169-9792EAE9E14C}.Release|x64.ActiveCfg = Release|x64
		{AAB89171-A466-462A-8169-9792EAE9E14C}.Release|x64.Build.0 = Release|x64
		{AAB89171-A466-462A-8169-9792EAE9E14C}.Release|x86.ActiveCfg = Release|Win32
		{AAB89171-A466-462A-8169-9792EAE9E14C}.Release|x86.Build.0 = Release|Win32
	EndGlobalSection
	GlobalSection(SolutionProperties) = preSolution
		HideSolutionNode = FALSE
	EndGlobalSection
	GlobalSection(ExtensibilityGlobals) = postSolution
		SolutionGuid = {54090662-B95C-41CD-BE7C-E445BA7B99F5}
	EndGlobalSection
EndGlobal
