
Microsoft Visual Studio Solution File, Format Version 12.00
# Visual Studio Version 16
VisualStudioVersion = 16.0.29025.244
MinimumVisualStudioVersion = 10.0.40219.1
Project("{8BC9CEB8-8B4A-11D0-8D11-00A0C91BC942}") = "exam1", "exam1\exam1.vcxproj", "{DEC5C48D-763C-4028-A58E-4B22712E7123}"
EndProject
Project("{8BC9CEB8-8B4A-11D0-8D11-00A0C91BC942}") = "exam2", "exam2\exam2.vcxproj", "{A3126086-7DFD-4264-9EC7-F00E938D855A}"
EndProject
Project("{8BC9CEB8-8B4A-11D0-8D11-00A0C91BC942}") = "exam3", "exam3\exam3.vcxproj", "{3E6D0004-6E5B-4CAF-8CA7-E9524433884B}"
EndProject
Project("{8BC9CEB8-8B4A-11D0-8D11-00A0C91BC942}") = "exam4", "exam4\exam4.vcxproj", "{BBEC71EE-0667-48E7-95A0-4577AF8E440B}"
EndProject
Project("{8BC9CEB8-8B4A-11D0-8D11-00A0C91BC942}") = "exam5", "exam5\exam5.vcxproj", "{75BADFE2-CE2D-4DE6-8BCC-42E4DCF1E2A7}"
EndProject
Global
	GlobalSection(SolutionConfigurationPlatforms) = preSolution
		Debug|x64 = Debug|x64
		Debug|x86 = Debug|x86
		Release|x64 = Release|x64
		Release|x86 = Release|x86
	EndGlobalSection
	GlobalSection(ProjectConfigurationPlatforms) = postSolution
		{DEC5C48D-763C-4028-A58E-4B22712E7123}.Debug|x64.ActiveCfg = Debug|x64
		{DEC5C48D-763C-4028-A58E-4B22712E7123}.Debug|x64.Build.0 = Debug|x64
		{DEC5C48D-763C-4028-A58E-4B22712E7123}.Debug|x86.ActiveCfg = Debug|Win32
		{DEC5C48D-763C-4028-A58E-4B22712E7123}.Debug|x86.Build.0 = Debug|Win32
		{DEC5C48D-763C-4028-A58E-4B22712E7123}.Release|x64.ActiveCfg = Release|x64
		{DEC5C48D-763C-4028-A58E-4B22712E7123}.Release|x64.Build.0 = Release|x64
		{DEC5C48D-763C-4028-A58E-4B22712E7123}.Release|x86.ActiveCfg = Release|Win32
		{DEC5C48D-763C-4028-A58E-4B22712E7123}.Release|x86.Build.0 = Release|Win32
		{A3126086-7DFD-4264-9EC7-F00E938D855A}.Debug|x64.ActiveCfg = Debug|x64
		{A3126086-7DFD-4264-9EC7-F00E938D855A}.Debug|x64.Build.0 = Debug|x64
		{A3126086-7DFD-4264-9EC7-F00E938D855A}.Debug|x86.ActiveCfg = Debug|Win32
		{A3126086-7DFD-4264-9EC7-F00E938D855A}.Debug|x86.Build.0 = Debug|Win32
		{A3126086-7DFD-4264-9EC7-F00E938D855A}.Release|x64.ActiveCfg = Release|x64
		{A3126086-7DFD-4264-9EC7-F00E938D855A}.Release|x64.Build.0 = Release|x64
		{A3126086-7DFD-4264-9EC7-F00E938D855A}.Release|x86.ActiveCfg = Release|Win32
		{A3126086-7DFD-4264-9EC7-F00E938D855A}.Release|x86.Build.0 = Release|Win32
		{3E6D0004-6E5B-4CAF-8CA7-E9524433884B}.Debug|x64.ActiveCfg = Debug|x64
		{3E6D0004-6E5B-4CAF-8CA7-E9524433884B}.Debug|x64.Build.0 = Debug|x64
		{3E6D0004-6E5B-4CAF-8CA7-E9524433884B}.Debug|x86.ActiveCfg = Debug|Win32
		{3E6D0004-6E5B-4CAF-8CA7-E9524433884B}.Debug|x86.Build.0 = Debug|Win32
		{3E6D0004-6E5B-4CAF-8CA7-E9524433884B}.Release|x64.ActiveCfg = Release|x64
		{3E6D0004-6E5B-4CAF-8CA7-E9524433884B}.Release|x64.Build.0 = Release|x64
		{3E6D0004-6E5B-4CAF-8CA7-E9524433884B}.Release|x86.ActiveCfg = Release|Win32
		{3E6D0004-6E5B-4CAF-8CA7-E9524433884B}.Release|x86.Build.0 = Release|Win32
		{BBEC71EE-0667-48E7-95A0-4577AF8E440B}.Debug|x64.ActiveCfg = Debug|x64
		{BBEC71EE-0667-48E7-95A0-4577AF8E440B}.Debug|x64.Build.0 = Debug|x64
		{BBEC71EE-0667-48E7-95A0-4577AF8E440B}.Debug|x86.ActiveCfg = Debug|Win32
		{BBEC71EE-0667-48E7-95A0-4577AF8E440B}.Debug|x86.Build.0 = Debug|Win32
		{BBEC71EE-0667-48E7-95A0-4577AF8E440B}.Release|x64.ActiveCfg = Release|x64
		{BBEC71EE-0667-48E7-95A0-4577AF8E440B}.Release|x64.Build.0 = Release|x64
		{BBEC71EE-0667-48E7-95A0-4577AF8E440B}.Release|x86.ActiveCfg = Release|Win32
		{BBEC71EE-0667-48E7-95A0-4577AF8E440B}.Release|x86.Build.0 = Release|Win32
		{75BADFE2-CE2D-4DE6-8BCC-42E4DCF1E2A7}.Debug|x64.ActiveCfg = Debug|x64
		{75BADFE2-CE2D-4DE6-8BCC-42E4DCF1E2A7}.Debug|x64.Build.0 = Debug|x64
		{75BADFE2-CE2D-4DE6-8BCC-42E4DCF1E2A7}.Debug|x86.ActiveCfg = Debug|Win32
		{75BADFE2-CE2D-4DE6-8BCC-42E4DCF1E2A7}.Debug|x86.Build.0 = Debug|Win32
		{75BADFE2-CE2D-4DE6-8BCC-42E4DCF1E2A7}.Release|x64.ActiveCfg = Release|x64
		{75BADFE2-CE2D-4DE6-8BCC-42E4DCF1E2A7}.Release|x64.Build.0 = Release|x64
		{75BADFE2-CE2D-4DE6-8BCC-42E4DCF1E2A7}.Release|x86.ActiveCfg = Release|Win32
		{75BADFE2-CE2D-4DE6-8BCC-42E4DCF1E2A7}.Release|x86.Build.0 = Release|Win32
	EndGlobalSection
	GlobalSection(SolutionProperties) = preSolution
		HideSolutionNode = FALSE
	EndGlobalSection
	GlobalSection(ExtensibilityGlobals) = postSolution
		SolutionGuid = {FEBADB4E-A2C8-46B0-94F2-D4B4D5E47440}
	EndGlobalSection
EndGlobal
