
Microsoft Visual Studio Solution File, Format Version 12.00
# Visual Studio Version 16
VisualStudioVersion = 16.0.29020.237
MinimumVisualStudioVersion = 10.0.40219.1
Project("{8BC9CEB8-8B4A-11D0-8D11-00A0C91BC942}") = "exam1", "exam1\exam1.vcxproj", "{A97C217F-972E-4D66-AC39-08C943C88DF7}"
EndProject
Project("{8BC9CEB8-8B4A-11D0-8D11-00A0C91BC942}") = "exam2", "exam2\exam2.vcxproj", "{A8393908-1263-4F26-BBF9-E40F46DD909C}"
EndProject
Project("{8BC9CEB8-8B4A-11D0-8D11-00A0C91BC942}") = "exam3", "exam3\exam3.vcxproj", "{EFF2A8C4-C4CC-4165-B6DD-D1511D356EE4}"
EndProject
Project("{8BC9CEB8-8B4A-11D0-8D11-00A0C91BC942}") = "ex4", "ex4\ex4.vcxproj", "{756C68ED-0005-44BA-8043-D0353894BDD8}"
EndProject
Project("{8BC9CEB8-8B4A-11D0-8D11-00A0C91BC942}") = "exam4", "exam4\exam4.vcxproj", "{DFC951C6-85B8-4D4C-B03C-BEB448773DEC}"
EndProject
Project("{8BC9CEB8-8B4A-11D0-8D11-00A0C91BC942}") = "exam5", "exam5\exam5.vcxproj", "{E3FDE3E3-1CF8-4BD6-939C-CBCC94346DCF}"
EndProject
Project("{8BC9CEB8-8B4A-11D0-8D11-00A0C91BC942}") = "exam6", "exam6\exam6.vcxproj", "{9B378C96-A9D1-4415-9966-A7F166F897B6}"
EndProject
Project("{8BC9CEB8-8B4A-11D0-8D11-00A0C91BC942}") = "exam7", "exam7\exam7.vcxproj", "{35B62554-A2B2-4123-830A-BA66801261C8}"
EndProject
Global
	GlobalSection(SolutionConfigurationPlatforms) = preSolution
		Debug|x64 = Debug|x64
		Debug|x86 = Debug|x86
		Release|x64 = Release|x64
		Release|x86 = Release|x86
	EndGlobalSection
	GlobalSection(ProjectConfigurationPlatforms) = postSolution
		{A97C217F-972E-4D66-AC39-08C943C88DF7}.Debug|x64.ActiveCfg = Debug|x64
		{A97C217F-972E-4D66-AC39-08C943C88DF7}.Debug|x64.Build.0 = Debug|x64
		{A97C217F-972E-4D66-AC39-08C943C88DF7}.Debug|x86.ActiveCfg = Debug|Win32
		{A97C217F-972E-4D66-AC39-08C943C88DF7}.Debug|x86.Build.0 = Debug|Win32
		{A97C217F-972E-4D66-AC39-08C943C88DF7}.Release|x64.ActiveCfg = Release|x64
		{A97C217F-972E-4D66-AC39-08C943C88DF7}.Release|x64.Build.0 = Release|x64
		{A97C217F-972E-4D66-AC39-08C943C88DF7}.Release|x86.ActiveCfg = Release|Win32
		{A97C217F-972E-4D66-AC39-08C943C88DF7}.Release|x86.Build.0 = Release|Win32
		{A8393908-1263-4F26-BBF9-E40F46DD909C}.Debug|x64.ActiveCfg = Debug|x64
		{A8393908-1263-4F26-BBF9-E40F46DD909C}.Debug|x64.Build.0 = Debug|x64
		{A8393908-1263-4F26-BBF9-E40F46DD909C}.Debug|x86.ActiveCfg = Debug|Win32
		{A8393908-1263-4F26-BBF9-E40F46DD909C}.Debug|x86.Build.0 = Debug|Win32
		{A8393908-1263-4F26-BBF9-E40F46DD909C}.Release|x64.ActiveCfg = Release|x64
		{A8393908-1263-4F26-BBF9-E40F46DD909C}.Release|x64.Build.0 = Release|x64
		{A8393908-1263-4F26-BBF9-E40F46DD909C}.Release|x86.ActiveCfg = Release|Win32
		{A8393908-1263-4F26-BBF9-E40F46DD909C}.Release|x86.Build.0 = Release|Win32
		{EFF2A8C4-C4CC-4165-B6DD-D1511D356EE4}.Debug|x64.ActiveCfg = Debug|x64
		{EFF2A8C4-C4CC-4165-B6DD-D1511D356EE4}.Debug|x64.Build.0 = Debug|x64
		{EFF2A8C4-C4CC-4165-B6DD-D1511D356EE4}.Debug|x86.ActiveCfg = Debug|Win32
		{EFF2A8C4-C4CC-4165-B6DD-D1511D356EE4}.Debug|x86.Build.0 = Debug|Win32
		{EFF2A8C4-C4CC-4165-B6DD-D1511D356EE4}.Release|x64.ActiveCfg = Release|x64
		{EFF2A8C4-C4CC-4165-B6DD-D1511D356EE4}.Release|x64.Build.0 = Release|x64
		{EFF2A8C4-C4CC-4165-B6DD-D1511D356EE4}.Release|x86.ActiveCfg = Release|Win32
		{EFF2A8C4-C4CC-4165-B6DD-D1511D356EE4}.Release|x86.Build.0 = Release|Win32
		{756C68ED-0005-44BA-8043-D0353894BDD8}.Debug|x64.ActiveCfg = Debug|x64
		{756C68ED-0005-44BA-8043-D0353894BDD8}.Debug|x64.Build.0 = Debug|x64
		{756C68ED-0005-44BA-8043-D0353894BDD8}.Debug|x86.ActiveCfg = Debug|Win32
		{756C68ED-0005-44BA-8043-D0353894BDD8}.Debug|x86.Build.0 = Debug|Win32
		{756C68ED-0005-44BA-8043-D0353894BDD8}.Release|x64.ActiveCfg = Release|x64
		{756C68ED-0005-44BA-8043-D0353894BDD8}.Release|x64.Build.0 = Release|x64
		{756C68ED-0005-44BA-8043-D0353894BDD8}.Release|x86.ActiveCfg = Release|Win32
		{756C68ED-0005-44BA-8043-D0353894BDD8}.Release|x86.Build.0 = Release|Win32
		{DFC951C6-85B8-4D4C-B03C-BEB448773DEC}.Debug|x64.ActiveCfg = Debug|x64
		{DFC951C6-85B8-4D4C-B03C-BEB448773DEC}.Debug|x64.Build.0 = Debug|x64
		{DFC951C6-85B8-4D4C-B03C-BEB448773DEC}.Debug|x86.ActiveCfg = Debug|Win32
		{DFC951C6-85B8-4D4C-B03C-BEB448773DEC}.Debug|x86.Build.0 = Debug|Win32
		{DFC951C6-85B8-4D4C-B03C-BEB448773DEC}.Release|x64.ActiveCfg = Release|x64
		{DFC951C6-85B8-4D4C-B03C-BEB448773DEC}.Release|x64.Build.0 = Release|x64
		{DFC951C6-85B8-4D4C-B03C-BEB448773DEC}.Release|x86.ActiveCfg = Release|Win32
		{DFC951C6-85B8-4D4C-B03C-BEB448773DEC}.Release|x86.Build.0 = Release|Win32
		{E3FDE3E3-1CF8-4BD6-939C-CBCC94346DCF}.Debug|x64.ActiveCfg = Debug|x64
		{E3FDE3E3-1CF8-4BD6-939C-CBCC94346DCF}.Debug|x64.Build.0 = Debug|x64
		{E3FDE3E3-1CF8-4BD6-939C-CBCC94346DCF}.Debug|x86.ActiveCfg = Debug|Win32
		{E3FDE3E3-1CF8-4BD6-939C-CBCC94346DCF}.Debug|x86.Build.0 = Debug|Win32
		{E3FDE3E3-1CF8-4BD6-939C-CBCC94346DCF}.Release|x64.ActiveCfg = Release|x64
		{E3FDE3E3-1CF8-4BD6-939C-CBCC94346DCF}.Release|x64.Build.0 = Release|x64
		{E3FDE3E3-1CF8-4BD6-939C-CBCC94346DCF}.Release|x86.ActiveCfg = Release|Win32
		{E3FDE3E3-1CF8-4BD6-939C-CBCC94346DCF}.Release|x86.Build.0 = Release|Win32
		{9B378C96-A9D1-4415-9966-A7F166F897B6}.Debug|x64.ActiveCfg = Debug|x64
		{9B378C96-A9D1-4415-9966-A7F166F897B6}.Debug|x64.Build.0 = Debug|x64
		{9B378C96-A9D1-4415-9966-A7F166F897B6}.Debug|x86.ActiveCfg = Debug|Win32
		{9B378C96-A9D1-4415-9966-A7F166F897B6}.Debug|x86.Build.0 = Debug|Win32
		{9B378C96-A9D1-4415-9966-A7F166F897B6}.Release|x64.ActiveCfg = Release|x64
		{9B378C96-A9D1-4415-9966-A7F166F897B6}.Release|x64.Build.0 = Release|x64
		{9B378C96-A9D1-4415-9966-A7F166F897B6}.Release|x86.ActiveCfg = Release|Win32
		{9B378C96-A9D1-4415-9966-A7F166F897B6}.Release|x86.Build.0 = Release|Win32
		{35B62554-A2B2-4123-830A-BA66801261C8}.Debug|x64.ActiveCfg = Debug|x64
		{35B62554-A2B2-4123-830A-BA66801261C8}.Debug|x64.Build.0 = Debug|x64
		{35B62554-A2B2-4123-830A-BA66801261C8}.Debug|x86.ActiveCfg = Debug|Win32
		{35B62554-A2B2-4123-830A-BA66801261C8}.Debug|x86.Build.0 = Debug|Win32
		{35B62554-A2B2-4123-830A-BA66801261C8}.Release|x64.ActiveCfg = Release|x64
		{35B62554-A2B2-4123-830A-BA66801261C8}.Release|x64.Build.0 = Release|x64
		{35B62554-A2B2-4123-830A-BA66801261C8}.Release|x86.ActiveCfg = Release|Win32
		{35B62554-A2B2-4123-830A-BA66801261C8}.Release|x86.Build.0 = Release|Win32
	EndGlobalSection
	GlobalSection(SolutionProperties) = preSolution
		HideSolutionNode = FALSE
	EndGlobalSection
	GlobalSection(ExtensibilityGlobals) = postSolution
		SolutionGuid = {AF6F5EF4-01E8-4C6E-80D5-5F7064FDD6D7}
	EndGlobalSection
EndGlobal
