
Microsoft Visual Studio Solution File, Format Version 12.00
# Visual Studio Version 16
VisualStudioVersion = 16.0.29020.237
MinimumVisualStudioVersion = 10.0.40219.1
Project("{8BC9CEB8-8B4A-11D0-8D11-00A0C91BC942}") = "exam1", "exam1\exam1.vcxproj", "{8105B89D-9985-4324-B378-ECFBD2B49834}"
EndProject
Project("{8BC9CEB8-8B4A-11D0-8D11-00A0C91BC942}") = "samgakhyung", "samgakhyung\samgakhyung.vcxproj", "{DAFA0331-AAC7-435C-B29D-CA3AB1DBE0AD}"
EndProject
Project("{8BC9CEB8-8B4A-11D0-8D11-00A0C91BC942}") = "exam3", "exam3\exam3.vcxproj", "{D355B937-C99C-489B-BDAF-A7096744E100}"
EndProject
Project("{8BC9CEB8-8B4A-11D0-8D11-00A0C91BC942}") = "exam4", "exam4\exam4.vcxproj", "{FA71521D-E8C4-4AA7-99C0-D552F111AE22}"
EndProject
Project("{8BC9CEB8-8B4A-11D0-8D11-00A0C91BC942}") = "exam5", "exam5\exam5.vcxproj", "{A65E5CC0-011B-49D4-9EA5-932CD3874B39}"
EndProject
Project("{8BC9CEB8-8B4A-11D0-8D11-00A0C91BC942}") = "cursorControl", "cursorControl\cursorControl.vcxproj", "{2F988637-EA79-4294-8682-7212AF0C0A22}"
EndProject
Global
	GlobalSection(SolutionConfigurationPlatforms) = preSolution
		Debug|x64 = Debug|x64
		Debug|x86 = Debug|x86
		Release|x64 = Release|x64
		Release|x86 = Release|x86
	EndGlobalSection
	GlobalSection(ProjectConfigurationPlatforms) = postSolution
		{8105B89D-9985-4324-B378-ECFBD2B49834}.Debug|x64.ActiveCfg = Debug|x64
		{8105B89D-9985-4324-B378-ECFBD2B49834}.Debug|x64.Build.0 = Debug|x64
		{8105B89D-9985-4324-B378-ECFBD2B49834}.Debug|x86.ActiveCfg = Debug|Win32
		{8105B89D-9985-4324-B378-ECFBD2B49834}.Debug|x86.Build.0 = Debug|Win32
		{8105B89D-9985-4324-B378-ECFBD2B49834}.Release|x64.ActiveCfg = Release|x64
		{8105B89D-9985-4324-B378-ECFBD2B49834}.Release|x64.Build.0 = Release|x64
		{8105B89D-9985-4324-B378-ECFBD2B49834}.Release|x86.ActiveCfg = Release|Win32
		{8105B89D-9985-4324-B378-ECFBD2B49834}.Release|x86.Build.0 = Release|Win32
		{DAFA0331-AAC7-435C-B29D-CA3AB1DBE0AD}.Debug|x64.ActiveCfg = Debug|x64
		{DAFA0331-AAC7-435C-B29D-CA3AB1DBE0AD}.Debug|x64.Build.0 = Debug|x64
		{DAFA0331-AAC7-435C-B29D-CA3AB1DBE0AD}.Debug|x86.ActiveCfg = Debug|Win32
		{DAFA0331-AAC7-435C-B29D-CA3AB1DBE0AD}.Debug|x86.Build.0 = Debug|Win32
		{DAFA0331-AAC7-435C-B29D-CA3AB1DBE0AD}.Release|x64.ActiveCfg = Release|x64
		{DAFA0331-AAC7-435C-B29D-CA3AB1DBE0AD}.Release|x64.Build.0 = Release|x64
		{DAFA0331-AAC7-435C-B29D-CA3AB1DBE0AD}.Release|x86.ActiveCfg = Release|Win32
		{DAFA0331-AAC7-435C-B29D-CA3AB1DBE0AD}.Release|x86.Build.0 = Release|Win32
		{D355B937-C99C-489B-BDAF-A7096744E100}.Debug|x64.ActiveCfg = Debug|x64
		{D355B937-C99C-489B-BDAF-A7096744E100}.Debug|x64.Build.0 = Debug|x64
		{D355B937-C99C-489B-BDAF-A7096744E100}.Debug|x86.ActiveCfg = Debug|Win32
		{D355B937-C99C-489B-BDAF-A7096744E100}.Debug|x86.Build.0 = Debug|Win32
		{D355B937-C99C-489B-BDAF-A7096744E100}.Release|x64.ActiveCfg = Release|x64
		{D355B937-C99C-489B-BDAF-A7096744E100}.Release|x64.Build.0 = Release|x64
		{D355B937-C99C-489B-BDAF-A7096744E100}.Release|x86.ActiveCfg = Release|Win32
		{D355B937-C99C-489B-BDAF-A7096744E100}.Release|x86.Build.0 = Release|Win32
		{FA71521D-E8C4-4AA7-99C0-D552F111AE22}.Debug|x64.ActiveCfg = Debug|x64
		{FA71521D-E8C4-4AA7-99C0-D552F111AE22}.Debug|x64.Build.0 = Debug|x64
		{FA71521D-E8C4-4AA7-99C0-D552F111AE22}.Debug|x86.ActiveCfg = Debug|Win32
		{FA71521D-E8C4-4AA7-99C0-D552F111AE22}.Debug|x86.Build.0 = Debug|Win32
		{FA71521D-E8C4-4AA7-99C0-D552F111AE22}.Release|x64.ActiveCfg = Release|x64
		{FA71521D-E8C4-4AA7-99C0-D552F111AE22}.Release|x64.Build.0 = Release|x64
		{FA71521D-E8C4-4AA7-99C0-D552F111AE22}.Release|x86.ActiveCfg = Release|Win32
		{FA71521D-E8C4-4AA7-99C0-D552F111AE22}.Release|x86.Build.0 = Release|Win32
		{A65E5CC0-011B-49D4-9EA5-932CD3874B39}.Debug|x64.ActiveCfg = Debug|x64
		{A65E5CC0-011B-49D4-9EA5-932CD3874B39}.Debug|x64.Build.0 = Debug|x64
		{A65E5CC0-011B-49D4-9EA5-932CD3874B39}.Debug|x86.ActiveCfg = Debug|Win32
		{A65E5CC0-011B-49D4-9EA5-932CD3874B39}.Debug|x86.Build.0 = Debug|Win32
		{A65E5CC0-011B-49D4-9EA5-932CD3874B39}.Release|x64.ActiveCfg = Release|x64
		{A65E5CC0-011B-49D4-9EA5-932CD3874B39}.Release|x64.Build.0 = Release|x64
		{A65E5CC0-011B-49D4-9EA5-932CD3874B39}.Release|x86.ActiveCfg = Release|Win32
		{A65E5CC0-011B-49D4-9EA5-932CD3874B39}.Release|x86.Build.0 = Release|Win32
		{2F988637-EA79-4294-8682-7212AF0C0A22}.Debug|x64.ActiveCfg = Debug|x64
		{2F988637-EA79-4294-8682-7212AF0C0A22}.Debug|x64.Build.0 = Debug|x64
		{2F988637-EA79-4294-8682-7212AF0C0A22}.Debug|x86.ActiveCfg = Debug|Win32
		{2F988637-EA79-4294-8682-7212AF0C0A22}.Debug|x86.Build.0 = Debug|Win32
		{2F988637-EA79-4294-8682-7212AF0C0A22}.Release|x64.ActiveCfg = Release|x64
		{2F988637-EA79-4294-8682-7212AF0C0A22}.Release|x64.Build.0 = Release|x64
		{2F988637-EA79-4294-8682-7212AF0C0A22}.Release|x86.ActiveCfg = Release|Win32
		{2F988637-EA79-4294-8682-7212AF0C0A22}.Release|x86.Build.0 = Release|Win32
	EndGlobalSection
	GlobalSection(SolutionProperties) = preSolution
		HideSolutionNode = FALSE
	EndGlobalSection
	GlobalSection(ExtensibilityGlobals) = postSolution
		SolutionGuid = {C19215A8-E5DB-4059-864E-37AED65AF2D6}
	EndGlobalSection
EndGlobal
