
Microsoft Visual Studio Solution File, Format Version 12.00
# Visual Studio Version 16
VisualStudioVersion = 16.0.29102.190
MinimumVisualStudioVersion = 10.0.40219.1
Project("{8BC9CEB8-8B4A-11D0-8D11-00A0C91BC942}") = "exam1", "exam1\exam1.vcxproj", "{835F9A61-9FAA-43DB-8B1F-2296B7557F31}"
EndProject
Project("{8BC9CEB8-8B4A-11D0-8D11-00A0C91BC942}") = "exam2", "exam2\exam2.vcxproj", "{EBF56E9A-E375-451C-BF5D-00F1E1875D02}"
EndProject
Project("{8BC9CEB8-8B4A-11D0-8D11-00A0C91BC942}") = "exam3", "exam3\exam3.vcxproj", "{110BDE99-45E9-43FA-8DC9-B57142BF38E7}"
EndProject
Project("{8BC9CEB8-8B4A-11D0-8D11-00A0C91BC942}") = "exam4", "exam4\exam4.vcxproj", "{49E37DD9-ACD9-43C7-BC27-C554CF79729F}"
EndProject
Global
	GlobalSection(SolutionConfigurationPlatforms) = preSolution
		Debug|x64 = Debug|x64
		Debug|x86 = Debug|x86
		Release|x64 = Release|x64
		Release|x86 = Release|x86
	EndGlobalSection
	GlobalSection(ProjectConfigurationPlatforms) = postSolution
		{835F9A61-9FAA-43DB-8B1F-2296B7557F31}.Debug|x64.ActiveCfg = Debug|x64
		{835F9A61-9FAA-43DB-8B1F-2296B7557F31}.Debug|x64.Build.0 = Debug|x64
		{835F9A61-9FAA-43DB-8B1F-2296B7557F31}.Debug|x86.ActiveCfg = Debug|Win32
		{835F9A61-9FAA-43DB-8B1F-2296B7557F31}.Debug|x86.Build.0 = Debug|Win32
		{835F9A61-9FAA-43DB-8B1F-2296B7557F31}.Release|x64.ActiveCfg = Release|x64
		{835F9A61-9FAA-43DB-8B1F-2296B7557F31}.Release|x64.Build.0 = Release|x64
		{835F9A61-9FAA-43DB-8B1F-2296B7557F31}.Release|x86.ActiveCfg = Release|Win32
		{835F9A61-9FAA-43DB-8B1F-2296B7557F31}.Release|x86.Build.0 = Release|Win32
		{EBF56E9A-E375-451C-BF5D-00F1E1875D02}.Debug|x64.ActiveCfg = Debug|x64
		{EBF56E9A-E375-451C-BF5D-00F1E1875D02}.Debug|x64.Build.0 = Debug|x64
		{EBF56E9A-E375-451C-BF5D-00F1E1875D02}.Debug|x86.ActiveCfg = Debug|Win32
		{EBF56E9A-E375-451C-BF5D-00F1E1875D02}.Debug|x86.Build.0 = Debug|Win32
		{EBF56E9A-E375-451C-BF5D-00F1E1875D02}.Release|x64.ActiveCfg = Release|x64
		{EBF56E9A-E375-451C-BF5D-00F1E1875D02}.Release|x64.Build.0 = Release|x64
		{EBF56E9A-E375-451C-BF5D-00F1E1875D02}.Release|x86.ActiveCfg = Release|Win32
		{EBF56E9A-E375-451C-BF5D-00F1E1875D02}.Release|x86.Build.0 = Release|Win32
		{110BDE99-45E9-43FA-8DC9-B57142BF38E7}.Debug|x64.ActiveCfg = Debug|x64
		{110BDE99-45E9-43FA-8DC9-B57142BF38E7}.Debug|x64.Build.0 = Debug|x64
		{110BDE99-45E9-43FA-8DC9-B57142BF38E7}.Debug|x86.ActiveCfg = Debug|Win32
		{110BDE99-45E9-43FA-8DC9-B57142BF38E7}.Debug|x86.Build.0 = Debug|Win32
		{110BDE99-45E9-43FA-8DC9-B57142BF38E7}.Release|x64.ActiveCfg = Release|x64
		{110BDE99-45E9-43FA-8DC9-B57142BF38E7}.Release|x64.Build.0 = Release|x64
		{110BDE99-45E9-43FA-8DC9-B57142BF38E7}.Release|x86.ActiveCfg = Release|Win32
		{110BDE99-45E9-43FA-8DC9-B57142BF38E7}.Release|x86.Build.0 = Release|Win32
		{49E37DD9-ACD9-43C7-BC27-C554CF79729F}.Debug|x64.ActiveCfg = Debug|x64
		{49E37DD9-ACD9-43C7-BC27-C554CF79729F}.Debug|x64.Build.0 = Debug|x64
		{49E37DD9-ACD9-43C7-BC27-C554CF79729F}.Debug|x86.ActiveCfg = Debug|Win32
		{49E37DD9-ACD9-43C7-BC27-C554CF79729F}.Debug|x86.Build.0 = Debug|Win32
		{49E37DD9-ACD9-43C7-BC27-C554CF79729F}.Release|x64.ActiveCfg = Release|x64
		{49E37DD9-ACD9-43C7-BC27-C554CF79729F}.Release|x64.Build.0 = Release|x64
		{49E37DD9-ACD9-43C7-BC27-C554CF79729F}.Release|x86.ActiveCfg = Release|Win32
		{49E37DD9-ACD9-43C7-BC27-C554CF79729F}.Release|x86.Build.0 = Release|Win32
	EndGlobalSection
	GlobalSection(SolutionProperties) = preSolution
		HideSolutionNode = FALSE
	EndGlobalSection
	GlobalSection(ExtensibilityGlobals) = postSolution
		SolutionGuid = {114F156F-1C7A-46E3-BC82-EE5A12AF1809}
	EndGlobalSection
EndGlobal
